
Microsoft Visual Studio Solution File, Format Version 12.00
# Visual Studio Version 17
VisualStudioVersion = 17.0.31903.59
MinimumVisualStudioVersion = 10.0.40219.1
Project("{FAE04EC0-301F-11D3-BF4B-00C04F79EFBC}") = "mqtt-bug-repro", "repro\mqtt-bug-repro.csproj", "{44FD3D73-C4F4-4496-B281-B2EE9C330D0B}"
EndProject
Project("{FAE04EC0-301F-11D3-BF4B-00C04F79EFBC}") = "repro.test", "repro.test\repro.test.csproj", "{990823E2-E3F3-4B62-8E07-E47132562C71}"
EndProject
Global
	GlobalSection(SolutionConfigurationPlatforms) = preSolution
		Debug|Any CPU = Debug|Any CPU
		Release|Any CPU = Release|Any CPU
	EndGlobalSection
	GlobalSection(SolutionProperties) = preSolution
		HideSolutionNode = FALSE
	EndGlobalSection
	GlobalSection(ProjectConfigurationPlatforms) = postSolution
		{44FD3D73-C4F4-4496-B281-B2EE9C330D0B}.Debug|Any CPU.ActiveCfg = Debug|Any CPU
		{44FD3D73-C4F4-4496-B281-B2EE9C330D0B}.Debug|Any CPU.Build.0 = Debug|Any CPU
		{44FD3D73-C4F4-4496-B281-B2EE9C330D0B}.Release|Any CPU.ActiveCfg = Release|Any CPU
		{44FD3D73-C4F4-4496-B281-B2EE9C330D0B}.Release|Any CPU.Build.0 = Release|Any CPU
		{990823E2-E3F3-4B62-8E07-E47132562C71}.Debug|Any CPU.ActiveCfg = Debug|Any CPU
		{990823E2-E3F3-4B62-8E07-E47132562C71}.Debug|Any CPU.Build.0 = Debug|Any CPU
		{990823E2-E3F3-4B62-8E07-E47132562C71}.Release|Any CPU.ActiveCfg = Release|Any CPU
		{990823E2-E3F3-4B62-8E07-E47132562C71}.Release|Any CPU.Build.0 = Release|Any CPU
	EndGlobalSection
EndGlobal
